
Microsoft Visual Studio Solution File, Format Version 12.00
# Visual Studio Version 16
VisualStudioVersion = 16.0.30204.135
MinimumVisualStudioVersion = 10.0.40219.1
Project("{FAE04EC0-301F-11D3-BF4B-00C04F79EFBC}") = "PlayGroundBeta", "PlayGroundBeta\PlayGroundBeta.csproj", "{2E4E6731-1818-4281-8A06-06E127A0FED4}"
EndProject
Project("{FAE04EC0-301F-11D3-BF4B-00C04F79EFBC}") = "Core", "core\Core.csproj", "{13012933-510B-43A6-99E2-9DBD9F3B2306}"
EndProject
Project("{FAE04EC0-301F-11D3-BF4B-00C04F79EFBC}") = "Data", "Data\Data.csproj", "{F282A251-F248-4868-B0E4-F4CD2F5C9A22}"
EndProject
Project("{FAE04EC0-301F-11D3-BF4B-00C04F79EFBC}") = "Entity", "Entity\Entity.csproj", "{D6FFEE2D-7888-4B64-8918-374DF1EFA2F0}"
EndProject
Global
	GlobalSection(SolutionConfigurationPlatforms) = preSolution
		Debug|Any CPU = Debug|Any CPU
		Release|Any CPU = Release|Any CPU
	EndGlobalSection
	GlobalSection(ProjectConfigurationPlatforms) = postSolution
		{2E4E6731-1818-4281-8A06-06E127A0FED4}.Debug|Any CPU.ActiveCfg = Debug|Any CPU
		{2E4E6731-1818-4281-8A06-06E127A0FED4}.Debug|Any CPU.Build.0 = Debug|Any CPU
		{2E4E6731-1818-4281-8A06-06E127A0FED4}.Release|Any CPU.ActiveCfg = Release|Any CPU
		{2E4E6731-1818-4281-8A06-06E127A0FED4}.Release|Any CPU.Build.0 = Release|Any CPU
		{13012933-510B-43A6-99E2-9DBD9F3B2306}.Debug|Any CPU.ActiveCfg = Debug|Any CPU
		{13012933-510B-43A6-99E2-9DBD9F3B2306}.Debug|Any CPU.Build.0 = Debug|Any CPU
		{13012933-510B-43A6-99E2-9DBD9F3B2306}.Release|Any CPU.ActiveCfg = Release|Any CPU
		{13012933-510B-43A6-99E2-9DBD9F3B2306}.Release|Any CPU.Build.0 = Release|Any CPU
		{F282A251-F248-4868-B0E4-F4CD2F5C9A22}.Debug|Any CPU.ActiveCfg = Debug|Any CPU
		{F282A251-F248-4868-B0E4-F4CD2F5C9A22}.Debug|Any CPU.Build.0 = Debug|Any CPU
		{F282A251-F248-4868-B0E4-F4CD2F5C9A22}.Release|Any CPU.ActiveCfg = Release|Any CPU
		{F282A251-F248-4868-B0E4-F4CD2F5C9A22}.Release|Any CPU.Build.0 = Release|Any CPU
		{D6FFEE2D-7888-4B64-8918-374DF1EFA2F0}.Debug|Any CPU.ActiveCfg = Debug|Any CPU
		{D6FFEE2D-7888-4B64-8918-374DF1EFA2F0}.Debug|Any CPU.Build.0 = Debug|Any CPU
		{D6FFEE2D-7888-4B64-8918-374DF1EFA2F0}.Release|Any CPU.ActiveCfg = Release|Any CPU
		{D6FFEE2D-7888-4B64-8918-374DF1EFA2F0}.Release|Any CPU.Build.0 = Release|Any CPU
	EndGlobalSection
	GlobalSection(SolutionProperties) = preSolution
		HideSolutionNode = FALSE
	EndGlobalSection
	GlobalSection(ExtensibilityGlobals) = postSolution
		SolutionGuid = {A7A8F2C3-8001-4A4D-8EF6-1DCC0CB7BB65}
	EndGlobalSection
EndGlobal
